
Microsoft Visual Studio Solution File, Format Version 12.00
# Visual Studio Version 16
VisualStudioVersion = 25.0.1706.1
MinimumVisualStudioVersion = 10.0.40219.1
Project("{FAE04EC0-301F-11D3-BF4B-00C04F79EFBC}") = "foundations", "foundations\foundations.csproj", "{4BD330D3-AABD-48C8-B2EC-B8ECFB3569A1}"
EndProject
Global
	GlobalSection(SolutionConfigurationPlatforms) = preSolution
		Debug|Any CPU = Debug|Any CPU
		Release|Any CPU = Release|Any CPU
	EndGlobalSection
	GlobalSection(ProjectConfigurationPlatforms) = postSolution
		{4BD330D3-AABD-48C8-B2EC-B8ECFB3569A1}.Debug|Any CPU.ActiveCfg = Debug|Any CPU
		{4BD330D3-AABD-48C8-B2EC-B8ECFB3569A1}.Debug|Any CPU.Build.0 = Debug|Any CPU
		{4BD330D3-AABD-48C8-B2EC-B8ECFB3569A1}.Release|Any CPU.ActiveCfg = Release|Any CPU
		{4BD330D3-AABD-48C8-B2EC-B8ECFB3569A1}.Release|Any CPU.Build.0 = Release|Any CPU
	EndGlobalSection
	GlobalSection(SolutionProperties) = preSolution
		HideSolutionNode = FALSE
	EndGlobalSection
	GlobalSection(ExtensibilityGlobals) = postSolution
		SolutionGuid = {A4F6E003-4A99-40E7-B29D-3317F444BBEC}
	EndGlobalSection
EndGlobal
